# generated by rye
# use `rye lock` or `rye sync` to update this lockfile
#
# last locked with the following flags:
#   pre: false
#   features: []
#   all-features: false
#   with-sources: false
#   generate-hashes: false

-e file:libs/labelbox
-e file:libs/lbox-example
alabaster==0.7.13
    # via sphinx
annotated-types==0.7.0
    # via pydantic
art==6.2
    # via lbox-example
babel==2.15.0
    # via sphinx
cachetools==5.3.3
    # via google-auth
certifi==2024.6.2
    # via requests
charset-normalizer==3.3.2
    # via requests
docutils==0.20.1
    # via sphinx
    # via sphinx-rtd-theme
geojson==3.1.0
    # via labelbox
google-api-core==2.19.0
    # via labelbox
google-auth==2.29.0
    # via google-api-core
googleapis-common-protos==1.63.1
    # via google-api-core
idna==3.7
    # via requests
imagesize==1.4.1
    # via sphinx
importlib-metadata==7.1.0
    # via sphinx
jinja2==3.1.4
    # via sphinx
markupsafe==2.1.5
    # via jinja2
packaging==24.0
    # via sphinx
proto-plus==1.23.0
    # via google-api-core
protobuf==4.25.3
    # via google-api-core
    # via googleapis-common-protos
    # via proto-plus
pyasn1==0.6.0
    # via pyasn1-modules
    # via rsa
pyasn1-modules==0.4.0
    # via google-auth
pydantic==2.7.3
    # via labelbox
pydantic-core==2.18.4
    # via pydantic
pygments==2.18.0
    # via sphinx
python-dateutil==2.8.2
    # via labelbox
pytz==2024.1
    # via babel
requests==2.32.3
    # via google-api-core
    # via labelbox
    # via sphinx
rsa==4.9
    # via google-auth
six==1.16.0
    # via python-dateutil
snowballstemmer==2.2.0
    # via sphinx
sphinx==7.1.2
    # via sphinx-rtd-theme
    # via sphinxcontrib-jquery
sphinx-multiproject==1.0.0rc1
sphinx-rtd-theme==2.0.0
sphinxcontrib-applehelp==1.0.4
    # via sphinx
sphinxcontrib-devhelp==1.0.2
    # via sphinx
sphinxcontrib-htmlhelp==2.0.1
    # via sphinx
sphinxcontrib-jquery==4.1
    # via sphinx-rtd-theme
sphinxcontrib-jsmath==1.0.1
    # via sphinx
sphinxcontrib-qthelp==1.0.3
    # via sphinx
sphinxcontrib-serializinghtml==1.1.5
    # via sphinx
strenum==0.4.15
    # via labelbox
tqdm==4.66.4
    # via labelbox
typing-extensions==4.12.1
    # via annotated-types
    # via pydantic
    # via pydantic-core
urllib3==2.2.1
    # via requests
zipp==3.19.2
    # via importlib-metadata
