# generated by rye
# use `rye lock` or `rye sync` to update this lockfile
#
# last locked with the following flags:
#   pre: false
#   features: []
#   all-features: false
#   with-sources: false
#   generate-hashes: false

-e file:libs/labelbox
-e file:libs/lbox-example
alabaster==0.7.13
    # via sphinx
annotated-types==0.7.0
    # via pydantic
appnope==0.1.4
    # via ipython
art==6.2
    # via lbox-example
asttokens==2.4.1
    # via stack-data
attrs==23.2.0
    # via jsonschema
    # via referencing
babel==2.15.0
    # via sphinx
backcall==0.2.0
    # via ipython
beautifulsoup4==4.12.3
    # via nbconvert
black==24.4.2
bleach==6.1.0
    # via nbconvert
cachetools==5.3.3
    # via google-auth
certifi==2024.6.2
    # via requests
charset-normalizer==3.3.2
    # via requests
click==8.1.7
    # via black
    # via typer
commonmark==0.9.1
    # via rich
coverage==7.5.3
    # via pytest-cov
databooks==1.3.10
decopatch==1.4.10
    # via pytest-cases
decorator==5.1.1
    # via ipython
defusedxml==0.7.1
    # via nbconvert
docutils==0.20.1
    # via sphinx
    # via sphinx-rtd-theme
exceptiongroup==1.2.1
    # via pytest
execnet==2.1.1
    # via pytest-xdist
executing==2.0.1
    # via stack-data
fastjsonschema==2.19.1
    # via nbformat
geojson==3.1.0
    # via labelbox
gitdb==4.0.11
    # via gitpython
gitpython==3.1.43
    # via databooks
google-api-core==2.19.0
    # via labelbox
google-auth==2.29.0
    # via google-api-core
googleapis-common-protos==1.63.1
    # via google-api-core
idna==3.7
    # via requests
imagesize==1.4.1
    # via sphinx
importlib-metadata==7.1.0
    # via jupyter-client
    # via nbconvert
    # via sphinx
    # via yapf
importlib-resources==6.4.0
    # via jsonschema
    # via jsonschema-specifications
iniconfig==2.0.0
    # via pytest
ipython==8.12.3
    # via black
jedi==0.19.1
    # via ipython
jinja2==3.1.4
    # via nbconvert
    # via sphinx
jsonschema==4.22.0
    # via nbformat
jsonschema-specifications==2023.12.1
    # via jsonschema
jupyter-client==8.6.2
    # via nbclient
jupyter-core==5.7.2
    # via jupyter-client
    # via nbclient
    # via nbconvert
    # via nbformat
jupyterlab-pygments==0.3.0
    # via nbconvert
makefun==1.15.2
    # via decopatch
    # via pytest-cases
markupsafe==2.1.5
    # via jinja2
    # via nbconvert
matplotlib-inline==0.1.7
    # via ipython
mistune==3.0.2
    # via nbconvert
mypy==1.10.0
mypy-extensions==1.0.0
    # via black
    # via mypy
nbclient==0.10.0
    # via nbconvert
nbconvert==7.16.4
nbformat==5.10.4
    # via nbclient
    # via nbconvert
numpy==1.24.4
    # via pandas
packaging==24.0
    # via black
    # via nbconvert
    # via pytest
    # via pytest-cases
    # via pytest-rerunfailures
    # via sphinx
pandas==2.0.3
pandocfilters==1.5.1
    # via nbconvert
parso==0.8.4
    # via jedi
pathspec==0.12.1
    # via black
pexpect==4.9.0
    # via ipython
pickleshare==0.7.5
    # via ipython
pkgutil-resolve-name==1.3.10
    # via jsonschema
platformdirs==4.2.2
    # via black
    # via jupyter-core
    # via yapf
pluggy==1.5.0
    # via pytest
prompt-toolkit==3.0.46
    # via ipython
proto-plus==1.23.0
    # via google-api-core
protobuf==4.25.3
    # via google-api-core
    # via googleapis-common-protos
    # via proto-plus
ptyprocess==0.7.0
    # via pexpect
pure-eval==0.2.2
    # via stack-data
pyasn1==0.6.0
    # via pyasn1-modules
    # via rsa
pyasn1-modules==0.4.0
    # via google-auth
pydantic==2.7.3
    # via databooks
    # via labelbox
pydantic-core==2.18.4
    # via pydantic
pygments==2.18.0
    # via ipython
    # via nbconvert
    # via rich
    # via sphinx
pytest==8.2.2
    # via pytest-cov
    # via pytest-rerunfailures
    # via pytest-snapshot
    # via pytest-xdist
pytest-cases==3.8.5
pytest-cov==5.0.0
pytest-rerunfailures==14.0
pytest-snapshot==0.9.0
pytest-xdist==3.6.1
python-dateutil==2.8.2
    # via jupyter-client
    # via labelbox
    # via pandas
pytz==2024.1
    # via babel
    # via pandas
pyzmq==26.0.3
    # via jupyter-client
referencing==0.35.1
    # via jsonschema
    # via jsonschema-specifications
regex==2024.5.15
    # via toml-cli
requests==2.32.3
    # via google-api-core
    # via labelbox
    # via sphinx
rich==12.6.0
    # via databooks
    # via typer
rpds-py==0.18.1
    # via jsonschema
    # via referencing
rsa==4.9
    # via google-auth
shellingham==1.5.4
    # via typer
six==1.16.0
    # via asttokens
    # via bleach
    # via python-dateutil
smmap==5.0.1
    # via gitdb
snowballstemmer==2.2.0
    # via sphinx
soupsieve==2.5
    # via beautifulsoup4
sphinx==7.1.2
    # via sphinx-rtd-theme
    # via sphinxcontrib-jquery
sphinx-multiproject==1.0.0rc1
sphinx-rtd-theme==2.0.0
sphinxcontrib-applehelp==1.0.4
    # via sphinx
sphinxcontrib-devhelp==1.0.2
    # via sphinx
sphinxcontrib-htmlhelp==2.0.1
    # via sphinx
sphinxcontrib-jquery==4.1
    # via sphinx-rtd-theme
sphinxcontrib-jsmath==1.0.1
    # via sphinx
sphinxcontrib-qthelp==1.0.3
    # via sphinx
sphinxcontrib-serializinghtml==1.1.5
    # via sphinx
stack-data==0.6.3
    # via ipython
strenum==0.4.15
    # via labelbox
tinycss2==1.3.0
    # via nbconvert
tokenize-rt==5.2.0
    # via black
toml-cli==0.6.1
tomli==2.0.1
    # via black
    # via coverage
    # via databooks
    # via mypy
    # via pytest
    # via yapf
tomlkit==0.12.5
    # via toml-cli
tornado==6.4
    # via jupyter-client
tqdm==4.66.4
    # via labelbox
traitlets==5.14.3
    # via ipython
    # via jupyter-client
    # via jupyter-core
    # via matplotlib-inline
    # via nbclient
    # via nbconvert
    # via nbformat
typer==0.12.3
    # via databooks
    # via toml-cli
types-pillow==10.2.0.20240520
types-python-dateutil==2.9.0.20240316
types-requests==2.32.0.20240602
types-tqdm==4.66.0.20240417
typing-extensions==4.12.1
    # via annotated-types
    # via black
    # via databooks
    # via ipython
    # via mypy
    # via pydantic
    # via pydantic-core
    # via rich
    # via typer
tzdata==2024.1
    # via pandas
urllib3==2.2.1
    # via requests
    # via types-requests
wcwidth==0.2.13
    # via prompt-toolkit
webencodings==0.5.1
    # via bleach
    # via tinycss2
yapf==0.40.2
zipp==3.19.2
    # via importlib-metadata
    # via importlib-resources
